
Microsoft Visual Studio Solution File, Format Version 12.00
# Visual Studio Version 17
VisualStudioVersion = 17.0.31903.59
MinimumVisualStudioVersion = 10.0.40219.1
Project("{2150E333-8FDC-42A3-9474-1A3956D46DE8}") = "src", "src", "{827E0CD3-B72D-47B6-A68D-7590B98EB39B}"
EndProject
Project("{FAE04EC0-301F-11D3-BF4B-00C04F79EFBC}") = "SeminarSched.WinUI", "src\SeminarSched.WinUI\SeminarSched.WinUI.csproj", "{C785264D-DFAC-41CA-8A71-3EBEB95F3F02}"
EndProject
Project("{FAE04EC0-301F-11D3-BF4B-00C04F79EFBC}") = "SeminarSched.Domain", "src\SeminarSched.Domain\SeminarSched.Domain.csproj", "{2576F6A8-5912-4A67-A537-C89FD2C5A769}"
EndProject
Project("{FAE04EC0-301F-11D3-BF4B-00C04F79EFBC}") = "SeminarSched.Application", "src\SeminarSched.Application\SeminarSched.Application.csproj", "{DC12CE63-5B0C-42FB-B2D3-1709EE3E8D6D}"
EndProject
Project("{FAE04EC0-301F-11D3-BF4B-00C04F79EFBC}") = "SeminarSched.Infrastructure", "src\SeminarSched.Infrastructure\SeminarSched.Infrastructure.csproj", "{2806A175-C3EF-497B-A650-CA2A8427287B}"
EndProject
Project("{FAE04EC0-301F-11D3-BF4B-00C04F79EFBC}") = "SeminarSched.Optimization", "src\SeminarSched.Optimization\SeminarSched.Optimization.csproj", "{C7979B4A-F516-42A1-A12E-B9CFB557558E}"
EndProject
Project("{FAE04EC0-301F-11D3-BF4B-00C04F79EFBC}") = "SeminarSched.Reporting", "src\SeminarSched.Reporting\SeminarSched.Reporting.csproj", "{E15144DE-198D-4145-A215-A44DC37677CC}"
EndProject
Project("{2150E333-8FDC-42A3-9474-1A3956D46DE8}") = "tests", "tests", "{0AB3BF05-4346-4AA6-1389-037BE0695223}"
EndProject
Project("{FAE04EC0-301F-11D3-BF4B-00C04F79EFBC}") = "SeminarSched.Domain.Tests", "tests\SeminarSched.Domain.Tests\SeminarSched.Domain.Tests.csproj", "{56772944-E3F3-48CA-BBAF-9B24D90C0447}"
EndProject
Project("{FAE04EC0-301F-11D3-BF4B-00C04F79EFBC}") = "SeminarSched.Application.Tests", "tests\SeminarSched.Application.Tests\SeminarSched.Application.Tests.csproj", "{7F5816D3-48E3-4FCD-8B0D-1253C55AE795}"
EndProject
Project("{FAE04EC0-301F-11D3-BF4B-00C04F79EFBC}") = "SeminarSched.Architecture.Tests", "tests\SeminarSched.Architecture.Tests\SeminarSched.Architecture.Tests.csproj", "{87713677-9484-4036-9E29-14A3EDDC0E13}"
EndProject
Project("{FAE04EC0-301F-11D3-BF4B-00C04F79EFBC}") = "SeminarSched.Optimization.Tests", "tests\SeminarSched.Optimization.Tests\SeminarSched.Optimization.Tests.csproj", "{12F134FE-EBEA-4CA9-B406-2877E4700D37}"
EndProject
Project("{FAE04EC0-301F-11D3-BF4B-00C04F79EFBC}") = "SeminarSched.Infrastructure.Tests", "tests\SeminarSched.Infrastructure.Tests\SeminarSched.Infrastructure.Tests.csproj", "{73309506-CC4A-4881-A42B-467CA4C374FA}"
EndProject
Global
	GlobalSection(SolutionConfigurationPlatforms) = preSolution
		Debug|Any CPU = Debug|Any CPU
		Debug|x64 = Debug|x64
		Debug|x86 = Debug|x86
		Release|Any CPU = Release|Any CPU
		Release|x64 = Release|x64
		Release|x86 = Release|x86
	EndGlobalSection
	GlobalSection(ProjectConfigurationPlatforms) = postSolution
		{C785264D-DFAC-41CA-8A71-3EBEB95F3F02}.Debug|Any CPU.ActiveCfg = Debug|x86
		{C785264D-DFAC-41CA-8A71-3EBEB95F3F02}.Debug|Any CPU.Build.0 = Debug|x86
		{C785264D-DFAC-41CA-8A71-3EBEB95F3F02}.Debug|x64.ActiveCfg = Debug|x64
		{C785264D-DFAC-41CA-8A71-3EBEB95F3F02}.Debug|x64.Build.0 = Debug|x64
		{C785264D-DFAC-41CA-8A71-3EBEB95F3F02}.Debug|x86.ActiveCfg = Debug|x86
		{C785264D-DFAC-41CA-8A71-3EBEB95F3F02}.Debug|x86.Build.0 = Debug|x86
		{C785264D-DFAC-41CA-8A71-3EBEB95F3F02}.Release|Any CPU.ActiveCfg = Release|x86
		{C785264D-DFAC-41CA-8A71-3EBEB95F3F02}.Release|Any CPU.Build.0 = Release|x86
		{C785264D-DFAC-41CA-8A71-3EBEB95F3F02}.Release|x64.ActiveCfg = Release|x64
		{C785264D-DFAC-41CA-8A71-3EBEB95F3F02}.Release|x64.Build.0 = Release|x64
		{C785264D-DFAC-41CA-8A71-3EBEB95F3F02}.Release|x86.ActiveCfg = Release|x86
		{C785264D-DFAC-41CA-8A71-3EBEB95F3F02}.Release|x86.Build.0 = Release|x86
		{2576F6A8-5912-4A67-A537-C89FD2C5A769}.Debug|Any CPU.ActiveCfg = Debug|Any CPU
		{2576F6A8-5912-4A67-A537-C89FD2C5A769}.Debug|Any CPU.Build.0 = Debug|Any CPU
		{2576F6A8-5912-4A67-A537-C89FD2C5A769}.Debug|x64.ActiveCfg = Debug|Any CPU
		{2576F6A8-5912-4A67-A537-C89FD2C5A769}.Debug|x64.Build.0 = Debug|Any CPU
		{2576F6A8-5912-4A67-A537-C89FD2C5A769}.Debug|x86.ActiveCfg = Debug|Any CPU
		{2576F6A8-5912-4A67-A537-C89FD2C5A769}.Debug|x86.Build.0 = Debug|Any CPU
		{2576F6A8-5912-4A67-A537-C89FD2C5A769}.Release|Any CPU.ActiveCfg = Release|Any CPU
		{2576F6A8-5912-4A67-A537-C89FD2C5A769}.Release|Any CPU.Build.0 = Release|Any CPU
		{2576F6A8-5912-4A67-A537-C89FD2C5A769}.Release|x64.ActiveCfg = Release|Any CPU
		{2576F6A8-5912-4A67-A537-C89FD2C5A769}.Release|x64.Build.0 = Release|Any CPU
		{2576F6A8-5912-4A67-A537-C89FD2C5A769}.Release|x86.ActiveCfg = Release|Any CPU
		{2576F6A8-5912-4A67-A537-C89FD2C5A769}.Release|x86.Build.0 = Release|Any CPU
		{DC12CE63-5B0C-42FB-B2D3-1709EE3E8D6D}.Debug|Any CPU.ActiveCfg = Debug|Any CPU
		{DC12CE63-5B0C-42FB-B2D3-1709EE3E8D6D}.Debug|Any CPU.Build.0 = Debug|Any CPU
		{DC12CE63-5B0C-42FB-B2D3-1709EE3E8D6D}.Debug|x64.ActiveCfg = Debug|Any CPU
		{DC12CE63-5B0C-42FB-B2D3-1709EE3E8D6D}.Debug|x64.Build.0 = Debug|Any CPU
		{DC12CE63-5B0C-42FB-B2D3-1709EE3E8D6D}.Debug|x86.ActiveCfg = Debug|Any CPU
		{DC12CE63-5B0C-42FB-B2D3-1709EE3E8D6D}.Debug|x86.Build.0 = Debug|Any CPU
		{DC12CE63-5B0C-42FB-B2D3-1709EE3E8D6D}.Release|Any CPU.ActiveCfg = Release|Any CPU
		{DC12CE63-5B0C-42FB-B2D3-1709EE3E8D6D}.Release|Any CPU.Build.0 = Release|Any CPU
		{DC12CE63-5B0C-42FB-B2D3-1709EE3E8D6D}.Release|x64.ActiveCfg = Release|Any CPU
		{DC12CE63-5B0C-42FB-B2D3-1709EE3E8D6D}.Release|x64.Build.0 = Release|Any CPU
		{DC12CE63-5B0C-42FB-B2D3-1709EE3E8D6D}.Release|x86.ActiveCfg = Release|Any CPU
		{DC12CE63-5B0C-42FB-B2D3-1709EE3E8D6D}.Release|x86.Build.0 = Release|Any CPU
		{2806A175-C3EF-497B-A650-CA2A8427287B}.Debug|Any CPU.ActiveCfg = Debug|Any CPU
		{2806A175-C3EF-497B-A650-CA2A8427287B}.Debug|Any CPU.Build.0 = Debug|Any CPU
		{2806A175-C3EF-497B-A650-CA2A8427287B}.Debug|x64.ActiveCfg = Debug|Any CPU
		{2806A175-C3EF-497B-A650-CA2A8427287B}.Debug|x64.Build.0 = Debug|Any CPU
		{2806A175-C3EF-497B-A650-CA2A8427287B}.Debug|x86.ActiveCfg = Debug|Any CPU
		{2806A175-C3EF-497B-A650-CA2A8427287B}.Debug|x86.Build.0 = Debug|Any CPU
		{2806A175-C3EF-497B-A650-CA2A8427287B}.Release|Any CPU.ActiveCfg = Release|Any CPU
		{2806A175-C3EF-497B-A650-CA2A8427287B}.Release|Any CPU.Build.0 = Release|Any CPU
		{2806A175-C3EF-497B-A650-CA2A8427287B}.Release|x64.ActiveCfg = Release|Any CPU
		{2806A175-C3EF-497B-A650-CA2A8427287B}.Release|x64.Build.0 = Release|Any CPU
		{2806A175-C3EF-497B-A650-CA2A8427287B}.Release|x86.ActiveCfg = Release|Any CPU
		{2806A175-C3EF-497B-A650-CA2A8427287B}.Release|x86.Build.0 = Release|Any CPU
		{C7979B4A-F516-42A1-A12E-B9CFB557558E}.Debug|Any CPU.ActiveCfg = Debug|Any CPU
		{C7979B4A-F516-42A1-A12E-B9CFB557558E}.Debug|Any CPU.Build.0 = Debug|Any CPU
		{C7979B4A-F516-42A1-A12E-B9CFB557558E}.Debug|x64.ActiveCfg = Debug|Any CPU
		{C7979B4A-F516-42A1-A12E-B9CFB557558E}.Debug|x64.Build.0 = Debug|Any CPU
		{C7979B4A-F516-42A1-A12E-B9CFB557558E}.Debug|x86.ActiveCfg = Debug|Any CPU
		{C7979B4A-F516-42A1-A12E-B9CFB557558E}.Debug|x86.Build.0 = Debug|Any CPU
		{C7979B4A-F516-42A1-A12E-B9CFB557558E}.Release|Any CPU.ActiveCfg = Release|Any CPU
		{C7979B4A-F516-42A1-A12E-B9CFB557558E}.Release|Any CPU.Build.0 = Release|Any CPU
		{C7979B4A-F516-42A1-A12E-B9CFB557558E}.Release|x64.ActiveCfg = Release|Any CPU
		{C7979B4A-F516-42A1-A12E-B9CFB557558E}.Release|x64.Build.0 = Release|Any CPU
		{C7979B4A-F516-42A1-A12E-B9CFB557558E}.Release|x86.ActiveCfg = Release|Any CPU
		{C7979B4A-F516-42A1-A12E-B9CFB557558E}.Release|x86.Build.0 = Release|Any CPU
		{E15144DE-198D-4145-A215-A44DC37677CC}.Debug|Any CPU.ActiveCfg = Debug|Any CPU
		{E15144DE-198D-4145-A215-A44DC37677CC}.Debug|Any CPU.Build.0 = Debug|Any CPU
		{E15144DE-198D-4145-A215-A44DC37677CC}.Debug|x64.ActiveCfg = Debug|Any CPU
		{E15144DE-198D-4145-A215-A44DC37677CC}.Debug|x64.Build.0 = Debug|Any CPU
		{E15144DE-198D-4145-A215-A44DC37677CC}.Debug|x86.ActiveCfg = Debug|Any CPU
		{E15144DE-198D-4145-A215-A44DC37677CC}.Debug|x86.Build.0 = Debug|Any CPU
		{E15144DE-198D-4145-A215-A44DC37677CC}.Release|Any CPU.ActiveCfg = Release|Any CPU
		{E15144DE-198D-4145-A215-A44DC37677CC}.Release|Any CPU.Build.0 = Release|Any CPU
		{E15144DE-198D-4145-A215-A44DC37677CC}.Release|x64.ActiveCfg = Release|Any CPU
		{E15144DE-198D-4145-A215-A44DC37677CC}.Release|x64.Build.0 = Release|Any CPU
		{E15144DE-198D-4145-A215-A44DC37677CC}.Release|x86.ActiveCfg = Release|Any CPU
		{E15144DE-198D-4145-A215-A44DC37677CC}.Release|x86.Build.0 = Release|Any CPU
		{56772944-E3F3-48CA-BBAF-9B24D90C0447}.Debug|Any CPU.ActiveCfg = Debug|Any CPU
		{56772944-E3F3-48CA-BBAF-9B24D90C0447}.Debug|Any CPU.Build.0 = Debug|Any CPU
		{56772944-E3F3-48CA-BBAF-9B24D90C0447}.Debug|x64.ActiveCfg = Debug|Any CPU
		{56772944-E3F3-48CA-BBAF-9B24D90C0447}.Debug|x64.Build.0 = Debug|Any CPU
		{56772944-E3F3-48CA-BBAF-9B24D90C0447}.Debug|x86.ActiveCfg = Debug|Any CPU
		{56772944-E3F3-48CA-BBAF-9B24D90C0447}.Debug|x86.Build.0 = Debug|Any CPU
		{56772944-E3F3-48CA-BBAF-9B24D90C0447}.Release|Any CPU.ActiveCfg = Release|Any CPU
		{56772944-E3F3-48CA-BBAF-9B24D90C0447}.Release|Any CPU.Build.0 = Release|Any CPU
		{56772944-E3F3-48CA-BBAF-9B24D90C0447}.Release|x64.ActiveCfg = Release|Any CPU
		{56772944-E3F3-48CA-BBAF-9B24D90C0447}.Release|x64.Build.0 = Release|Any CPU
		{56772944-E3F3-48CA-BBAF-9B24D90C0447}.Release|x86.ActiveCfg = Release|Any CPU
		{56772944-E3F3-48CA-BBAF-9B24D90C0447}.Release|x86.Build.0 = Release|Any CPU
		{7F5816D3-48E3-4FCD-8B0D-1253C55AE795}.Debug|Any CPU.ActiveCfg = Debug|Any CPU
		{7F5816D3-48E3-4FCD-8B0D-1253C55AE795}.Debug|Any CPU.Build.0 = Debug|Any CPU
		{7F5816D3-48E3-4FCD-8B0D-1253C55AE795}.Debug|x64.ActiveCfg = Debug|Any CPU
		{7F5816D3-48E3-4FCD-8B0D-1253C55AE795}.Debug|x64.Build.0 = Debug|Any CPU
		{7F5816D3-48E3-4FCD-8B0D-1253C55AE795}.Debug|x86.ActiveCfg = Debug|Any CPU
		{7F5816D3-48E3-4FCD-8B0D-1253C55AE795}.Debug|x86.Build.0 = Debug|Any CPU
		{7F5816D3-48E3-4FCD-8B0D-1253C55AE795}.Release|Any CPU.ActiveCfg = Release|Any CPU
		{7F5816D3-48E3-4FCD-8B0D-1253C55AE795}.Release|Any CPU.Build.0 = Release|Any CPU
		{7F5816D3-48E3-4FCD-8B0D-1253C55AE795}.Release|x64.ActiveCfg = Release|Any CPU
		{7F5816D3-48E3-4FCD-8B0D-1253C55AE795}.Release|x64.Build.0 = Release|Any CPU
		{7F5816D3-48E3-4FCD-8B0D-1253C55AE795}.Release|x86.ActiveCfg = Release|Any CPU
		{7F5816D3-48E3-4FCD-8B0D-1253C55AE795}.Release|x86.Build.0 = Release|Any CPU
		{87713677-9484-4036-9E29-14A3EDDC0E13}.Debug|Any CPU.ActiveCfg = Debug|Any CPU
		{87713677-9484-4036-9E29-14A3EDDC0E13}.Debug|Any CPU.Build.0 = Debug|Any CPU
		{87713677-9484-4036-9E29-14A3EDDC0E13}.Debug|x64.ActiveCfg = Debug|Any CPU
		{87713677-9484-4036-9E29-14A3EDDC0E13}.Debug|x64.Build.0 = Debug|Any CPU
		{87713677-9484-4036-9E29-14A3EDDC0E13}.Debug|x86.ActiveCfg = Debug|Any CPU
		{87713677-9484-4036-9E29-14A3EDDC0E13}.Debug|x86.Build.0 = Debug|Any CPU
		{87713677-9484-4036-9E29-14A3EDDC0E13}.Release|Any CPU.ActiveCfg = Release|Any CPU
		{87713677-9484-4036-9E29-14A3EDDC0E13}.Release|Any CPU.Build.0 = Release|Any CPU
		{87713677-9484-4036-9E29-14A3EDDC0E13}.Release|x64.ActiveCfg = Release|Any CPU
		{87713677-9484-4036-9E29-14A3EDDC0E13}.Release|x64.Build.0 = Release|Any CPU
		{87713677-9484-4036-9E29-14A3EDDC0E13}.Release|x86.ActiveCfg = Release|Any CPU
		{87713677-9484-4036-9E29-14A3EDDC0E13}.Release|x86.Build.0 = Release|Any CPU
		{12F134FE-EBEA-4CA9-B406-2877E4700D37}.Debug|Any CPU.ActiveCfg = Debug|Any CPU
		{12F134FE-EBEA-4CA9-B406-2877E4700D37}.Debug|Any CPU.Build.0 = Debug|Any CPU
		{12F134FE-EBEA-4CA9-B406-2877E4700D37}.Debug|x64.ActiveCfg = Debug|Any CPU
		{12F134FE-EBEA-4CA9-B406-2877E4700D37}.Debug|x64.Build.0 = Debug|Any CPU
		{12F134FE-EBEA-4CA9-B406-2877E4700D37}.Debug|x86.ActiveCfg = Debug|Any CPU
		{12F134FE-EBEA-4CA9-B406-2877E4700D37}.Debug|x86.Build.0 = Debug|Any CPU
		{12F134FE-EBEA-4CA9-B406-2877E4700D37}.Release|Any CPU.ActiveCfg = Release|Any CPU
		{12F134FE-EBEA-4CA9-B406-2877E4700D37}.Release|Any CPU.Build.0 = Release|Any CPU
		{12F134FE-EBEA-4CA9-B406-2877E4700D37}.Release|x64.ActiveCfg = Release|Any CPU
		{12F134FE-EBEA-4CA9-B406-2877E4700D37}.Release|x64.Build.0 = Release|Any CPU
		{12F134FE-EBEA-4CA9-B406-2877E4700D37}.Release|x86.ActiveCfg = Release|Any CPU
		{12F134FE-EBEA-4CA9-B406-2877E4700D37}.Release|x86.Build.0 = Release|Any CPU
		{73309506-CC4A-4881-A42B-467CA4C374FA}.Debug|Any CPU.ActiveCfg = Debug|Any CPU
		{73309506-CC4A-4881-A42B-467CA4C374FA}.Debug|Any CPU.Build.0 = Debug|Any CPU
		{73309506-CC4A-4881-A42B-467CA4C374FA}.Debug|x64.ActiveCfg = Debug|Any CPU
		{73309506-CC4A-4881-A42B-467CA4C374FA}.Debug|x64.Build.0 = Debug|Any CPU
		{73309506-CC4A-4881-A42B-467CA4C374FA}.Debug|x86.ActiveCfg = Debug|Any CPU
		{73309506-CC4A-4881-A42B-467CA4C374FA}.Debug|x86.Build.0 = Debug|Any CPU
		{73309506-CC4A-4881-A42B-467CA4C374FA}.Release|Any CPU.ActiveCfg = Release|Any CPU
		{73309506-CC4A-4881-A42B-467CA4C374FA}.Release|Any CPU.Build.0 = Release|Any CPU
		{73309506-CC4A-4881-A42B-467CA4C374FA}.Release|x64.ActiveCfg = Release|Any CPU
		{73309506-CC4A-4881-A42B-467CA4C374FA}.Release|x64.Build.0 = Release|Any CPU
		{73309506-CC4A-4881-A42B-467CA4C374FA}.Release|x86.ActiveCfg = Release|Any CPU
		{73309506-CC4A-4881-A42B-467CA4C374FA}.Release|x86.Build.0 = Release|Any CPU
	EndGlobalSection
	GlobalSection(SolutionProperties) = preSolution
		HideSolutionNode = FALSE
	EndGlobalSection
	GlobalSection(NestedProjects) = preSolution
		{C785264D-DFAC-41CA-8A71-3EBEB95F3F02} = {827E0CD3-B72D-47B6-A68D-7590B98EB39B}
		{2576F6A8-5912-4A67-A537-C89FD2C5A769} = {827E0CD3-B72D-47B6-A68D-7590B98EB39B}
		{DC12CE63-5B0C-42FB-B2D3-1709EE3E8D6D} = {827E0CD3-B72D-47B6-A68D-7590B98EB39B}
		{2806A175-C3EF-497B-A650-CA2A8427287B} = {827E0CD3-B72D-47B6-A68D-7590B98EB39B}
		{C7979B4A-F516-42A1-A12E-B9CFB557558E} = {827E0CD3-B72D-47B6-A68D-7590B98EB39B}
		{E15144DE-198D-4145-A215-A44DC37677CC} = {827E0CD3-B72D-47B6-A68D-7590B98EB39B}
		{56772944-E3F3-48CA-BBAF-9B24D90C0447} = {0AB3BF05-4346-4AA6-1389-037BE0695223}
		{7F5816D3-48E3-4FCD-8B0D-1253C55AE795} = {0AB3BF05-4346-4AA6-1389-037BE0695223}
		{87713677-9484-4036-9E29-14A3EDDC0E13} = {0AB3BF05-4346-4AA6-1389-037BE0695223}
		{12F134FE-EBEA-4CA9-B406-2877E4700D37} = {0AB3BF05-4346-4AA6-1389-037BE0695223}
		{73309506-CC4A-4881-A42B-467CA4C374FA} = {0AB3BF05-4346-4AA6-1389-037BE0695223}
	EndGlobalSection
EndGlobal
